
Microsoft Visual Studio Solution File, Format Version 12.00
# Visual Studio Version 17
VisualStudioVersion = 17.6.33815.320
MinimumVisualStudioVersion = 10.0.40219.1
Project("{FAE04EC0-301F-11D3-BF4B-00C04F79EFBC}") = "Blazor first", "Blazor first\Blazor first.csproj", "{60090E2C-452A-44CA-81C8-729E46E71D08}"
EndProject
Global
	GlobalSection(SolutionConfigurationPlatforms) = preSolution
		Debug|Any CPU = Debug|Any CPU
		Release|Any CPU = Release|Any CPU
	EndGlobalSection
	GlobalSection(ProjectConfigurationPlatforms) = postSolution
		{60090E2C-452A-44CA-81C8-729E46E71D08}.Debug|Any CPU.ActiveCfg = Debug|Any CPU
		{60090E2C-452A-44CA-81C8-729E46E71D08}.Debug|Any CPU.Build.0 = Debug|Any CPU
		{60090E2C-452A-44CA-81C8-729E46E71D08}.Release|Any CPU.ActiveCfg = Release|Any CPU
		{60090E2C-452A-44CA-81C8-729E46E71D08}.Release|Any CPU.Build.0 = Release|Any CPU
	EndGlobalSection
	GlobalSection(SolutionProperties) = preSolution
		HideSolutionNode = FALSE
	EndGlobalSection
	GlobalSection(ExtensibilityGlobals) = postSolution
		SolutionGuid = {86B27312-18D6-47B3-B720-354B32BB9C1E}
	EndGlobalSection
EndGlobal
